
Microsoft Visual Studio Solution File, Format Version 12.00
# Visual Studio Version 16
VisualStudioVersion = 16.0.29728.190
MinimumVisualStudioVersion = 10.0.40219.1
Project("{FAE04EC0-301F-11D3-BF4B-00C04F79EFBC}") = "eBordo", "eBordo\eBordo.csproj", "{74FB142A-C693-495B-BC0F-C508F2B96A2D}"
EndProject
Project("{FAE04EC0-301F-11D3-BF4B-00C04F79EFBC}") = "Data", "Data\Data.csproj", "{43FAFDB2-2907-4D16-AB60-FFA4548FA8C7}"
EndProject
Global
	GlobalSection(SolutionConfigurationPlatforms) = preSolution
		Debug|Any CPU = Debug|Any CPU
		Release|Any CPU = Release|Any CPU
	EndGlobalSection
	GlobalSection(ProjectConfigurationPlatforms) = postSolution
		{74FB142A-C693-495B-BC0F-C508F2B96A2D}.Debug|Any CPU.ActiveCfg = Debug|Any CPU
		{74FB142A-C693-495B-BC0F-C508F2B96A2D}.Debug|Any CPU.Build.0 = Debug|Any CPU
		{74FB142A-C693-495B-BC0F-C508F2B96A2D}.Release|Any CPU.ActiveCfg = Release|Any CPU
		{74FB142A-C693-495B-BC0F-C508F2B96A2D}.Release|Any CPU.Build.0 = Release|Any CPU
		{43FAFDB2-2907-4D16-AB60-FFA4548FA8C7}.Debug|Any CPU.ActiveCfg = Debug|Any CPU
		{43FAFDB2-2907-4D16-AB60-FFA4548FA8C7}.Debug|Any CPU.Build.0 = Debug|Any CPU
		{43FAFDB2-2907-4D16-AB60-FFA4548FA8C7}.Release|Any CPU.ActiveCfg = Release|Any CPU
		{43FAFDB2-2907-4D16-AB60-FFA4548FA8C7}.Release|Any CPU.Build.0 = Release|Any CPU
	EndGlobalSection
	GlobalSection(SolutionProperties) = preSolution
		HideSolutionNode = FALSE
	EndGlobalSection
	GlobalSection(ExtensibilityGlobals) = postSolution
		SolutionGuid = {598D09EE-D3C7-4715-B594-BFE0B5521DBC}
	EndGlobalSection
EndGlobal
